
Microsoft Visual Studio Solution File, Format Version 12.00
# Visual Studio Version 17
VisualStudioVersion = 17.9.34607.119
MinimumVisualStudioVersion = 10.0.40219.1
Project("{FAE04EC0-301F-11D3-BF4B-00C04F79EFBC}") = "PubSub", "PubSub\PubSub.csproj", "{57AB9530-FF9B-49D0-8A5C-66C7D8FC4FC0}"
EndProject
Global
	GlobalSection(SolutionConfigurationPlatforms) = preSolution
		Debug|Any CPU = Debug|Any CPU
		Release|Any CPU = Release|Any CPU
	EndGlobalSection
	GlobalSection(ProjectConfigurationPlatforms) = postSolution
		{57AB9530-FF9B-49D0-8A5C-66C7D8FC4FC0}.Debug|Any CPU.ActiveCfg = Debug|Any CPU
		{57AB9530-FF9B-49D0-8A5C-66C7D8FC4FC0}.Debug|Any CPU.Build.0 = Debug|Any CPU
		{57AB9530-FF9B-49D0-8A5C-66C7D8FC4FC0}.Release|Any CPU.ActiveCfg = Release|Any CPU
		{57AB9530-FF9B-49D0-8A5C-66C7D8FC4FC0}.Release|Any CPU.Build.0 = Release|Any CPU
	EndGlobalSection
	GlobalSection(SolutionProperties) = preSolution
		HideSolutionNode = FALSE
	EndGlobalSection
	GlobalSection(ExtensibilityGlobals) = postSolution
		SolutionGuid = {1D51CE22-C140-44D1-AF85-9044C93D3796}
	EndGlobalSection
EndGlobal
