
Microsoft Visual Studio Solution File, Format Version 12.00
# Visual Studio Version 17
VisualStudioVersion = 17.9.34607.119
MinimumVisualStudioVersion = 10.0.40219.1
Project("{9A19103F-16F7-4668-BE54-9A1E7A4F7556}") = "Functions", "Functions\Functions.csproj", "{57AB9530-FF9B-49D0-8A5C-66C7D8FC4FC0}"
EndProject
Project("{2150E333-8FDC-42A3-9474-1A3956D46DE8}") = "Messaging", "Messaging", "{BF994FA1-4B0F-4AA6-973A-8C70D34A082F}"
EndProject
Project("{9A19103F-16F7-4668-BE54-9A1E7A4F7556}") = "TopicFilters", "Messaging\TopicFilters\TopicFilters.csproj", "{BB5A5437-31F7-4B1E-B6E2-80841121B902}"
EndProject
Project("{9A19103F-16F7-4668-BE54-9A1E7A4F7556}") = "DeadLetterQueue", "Messaging\DeadLetterQueue\DeadLetterQueue.csproj", "{2AF0B937-B341-4C2B-A5EA-82C32A449250}"
EndProject
Project("{FAE04EC0-301F-11D3-BF4B-00C04F79EFBC}") = "CreateSubscriptions", "CreateSubscriptions\CreateSubscriptions.csproj", "{C40F88C9-665C-4858-B177-3E49224AC5A8}"
EndProject
Project("{FAE04EC0-301F-11D3-BF4B-00C04F79EFBC}") = "OrderApplication", "OrderApplication\OrderApplication.csproj", "{20A3FB25-F17A-490C-A6E7-9930F16A9040}"
EndProject
Global
	GlobalSection(SolutionConfigurationPlatforms) = preSolution
		Debug|Any CPU = Debug|Any CPU
		Release|Any CPU = Release|Any CPU
	EndGlobalSection
	GlobalSection(ProjectConfigurationPlatforms) = postSolution
		{57AB9530-FF9B-49D0-8A5C-66C7D8FC4FC0}.Debug|Any CPU.ActiveCfg = Debug|Any CPU
		{57AB9530-FF9B-49D0-8A5C-66C7D8FC4FC0}.Debug|Any CPU.Build.0 = Debug|Any CPU
		{57AB9530-FF9B-49D0-8A5C-66C7D8FC4FC0}.Release|Any CPU.ActiveCfg = Release|Any CPU
		{57AB9530-FF9B-49D0-8A5C-66C7D8FC4FC0}.Release|Any CPU.Build.0 = Release|Any CPU
		{BB5A5437-31F7-4B1E-B6E2-80841121B902}.Debug|Any CPU.ActiveCfg = Debug|Any CPU
		{BB5A5437-31F7-4B1E-B6E2-80841121B902}.Debug|Any CPU.Build.0 = Debug|Any CPU
		{BB5A5437-31F7-4B1E-B6E2-80841121B902}.Release|Any CPU.ActiveCfg = Release|Any CPU
		{BB5A5437-31F7-4B1E-B6E2-80841121B902}.Release|Any CPU.Build.0 = Release|Any CPU
		{2AF0B937-B341-4C2B-A5EA-82C32A449250}.Debug|Any CPU.ActiveCfg = Debug|Any CPU
		{2AF0B937-B341-4C2B-A5EA-82C32A449250}.Debug|Any CPU.Build.0 = Debug|Any CPU
		{2AF0B937-B341-4C2B-A5EA-82C32A449250}.Release|Any CPU.ActiveCfg = Release|Any CPU
		{2AF0B937-B341-4C2B-A5EA-82C32A449250}.Release|Any CPU.Build.0 = Release|Any CPU
		{C40F88C9-665C-4858-B177-3E49224AC5A8}.Debug|Any CPU.ActiveCfg = Debug|Any CPU
		{C40F88C9-665C-4858-B177-3E49224AC5A8}.Debug|Any CPU.Build.0 = Debug|Any CPU
		{C40F88C9-665C-4858-B177-3E49224AC5A8}.Release|Any CPU.ActiveCfg = Release|Any CPU
		{C40F88C9-665C-4858-B177-3E49224AC5A8}.Release|Any CPU.Build.0 = Release|Any CPU
		{20A3FB25-F17A-490C-A6E7-9930F16A9040}.Debug|Any CPU.ActiveCfg = Debug|Any CPU
		{20A3FB25-F17A-490C-A6E7-9930F16A9040}.Debug|Any CPU.Build.0 = Debug|Any CPU
		{20A3FB25-F17A-490C-A6E7-9930F16A9040}.Release|Any CPU.ActiveCfg = Release|Any CPU
		{20A3FB25-F17A-490C-A6E7-9930F16A9040}.Release|Any CPU.Build.0 = Release|Any CPU
	EndGlobalSection
	GlobalSection(SolutionProperties) = preSolution
		HideSolutionNode = FALSE
	EndGlobalSection
	GlobalSection(NestedProjects) = preSolution
		{BB5A5437-31F7-4B1E-B6E2-80841121B902} = {BF994FA1-4B0F-4AA6-973A-8C70D34A082F}
		{2AF0B937-B341-4C2B-A5EA-82C32A449250} = {BF994FA1-4B0F-4AA6-973A-8C70D34A082F}
		{C40F88C9-665C-4858-B177-3E49224AC5A8} = {BF994FA1-4B0F-4AA6-973A-8C70D34A082F}
	EndGlobalSection
	GlobalSection(ExtensibilityGlobals) = postSolution
		SolutionGuid = {1D51CE22-C140-44D1-AF85-9044C93D3796}
	EndGlobalSection
EndGlobal
