
Microsoft Visual Studio Solution File, Format Version 12.00
# Visual Studio Version 17
VisualStudioVersion = 17.4.33213.308
MinimumVisualStudioVersion = 10.0.40219.1
Project("{FAE04EC0-301F-11D3-BF4B-00C04F79EFBC}") = "Dotnet-SystemScan", "Dotnet-SystemScan\Dotnet-SystemScan.csproj", "{D1E92D83-687B-470F-A224-D2044B550103}"
EndProject
Global
	GlobalSection(SolutionConfigurationPlatforms) = preSolution
		Debug|Any CPU = Debug|Any CPU
		Release|Any CPU = Release|Any CPU
	EndGlobalSection
	GlobalSection(ProjectConfigurationPlatforms) = postSolution
		{D1E92D83-687B-470F-A224-D2044B550103}.Debug|Any CPU.ActiveCfg = Debug|Any CPU
		{D1E92D83-687B-470F-A224-D2044B550103}.Debug|Any CPU.Build.0 = Debug|Any CPU
		{D1E92D83-687B-470F-A224-D2044B550103}.Release|Any CPU.ActiveCfg = Release|Any CPU
		{D1E92D83-687B-470F-A224-D2044B550103}.Release|Any CPU.Build.0 = Release|Any CPU
	EndGlobalSection
	GlobalSection(SolutionProperties) = preSolution
		HideSolutionNode = FALSE
	EndGlobalSection
	GlobalSection(ExtensibilityGlobals) = postSolution
		SolutionGuid = {14060C86-0FD8-406D-8D6D-2B529CF7D00D}
	EndGlobalSection
EndGlobal
