
Microsoft Visual Studio Solution File, Format Version 12.00
# Visual Studio Version 17
VisualStudioVersion = 17.8.34322.80
MinimumVisualStudioVersion = 10.0.40219.1
Project("{9A19103F-16F7-4668-BE54-9A1E7A4F7556}") = "BackendServiceGenerator", "BackendServiceGenerator.csproj", "{0B43579E-F989-4FE3-B543-AA08B0778BF2}"
EndProject
Project("{FAE04EC0-301F-11D3-BF4B-00C04F79EFBC}") = "BackendServiceGenerator.Shared", "..\BackendServiceGenerator.Shared\BackendServiceGenerator.Shared.csproj", "{02078EF7-4C44-4ADB-AEB8-551BFA5ABEC8}"
EndProject
Global
	GlobalSection(SolutionConfigurationPlatforms) = preSolution
		Debug|Any CPU = Debug|Any CPU
		Release|Any CPU = Release|Any CPU
	EndGlobalSection
	GlobalSection(ProjectConfigurationPlatforms) = postSolution
		{0B43579E-F989-4FE3-B543-AA08B0778BF2}.Debug|Any CPU.ActiveCfg = Debug|Any CPU
		{0B43579E-F989-4FE3-B543-AA08B0778BF2}.Debug|Any CPU.Build.0 = Debug|Any CPU
		{0B43579E-F989-4FE3-B543-AA08B0778BF2}.Release|Any CPU.ActiveCfg = Release|Any CPU
		{0B43579E-F989-4FE3-B543-AA08B0778BF2}.Release|Any CPU.Build.0 = Release|Any CPU
		{02078EF7-4C44-4ADB-AEB8-551BFA5ABEC8}.Debug|Any CPU.ActiveCfg = Debug|Any CPU
		{02078EF7-4C44-4ADB-AEB8-551BFA5ABEC8}.Debug|Any CPU.Build.0 = Debug|Any CPU
		{02078EF7-4C44-4ADB-AEB8-551BFA5ABEC8}.Release|Any CPU.ActiveCfg = Release|Any CPU
		{02078EF7-4C44-4ADB-AEB8-551BFA5ABEC8}.Release|Any CPU.Build.0 = Release|Any CPU
	EndGlobalSection
	GlobalSection(SolutionProperties) = preSolution
		HideSolutionNode = FALSE
	EndGlobalSection
	GlobalSection(ExtensibilityGlobals) = postSolution
		SolutionGuid = {A8490B0A-76DD-43D8-AD97-06985C745D2A}
	EndGlobalSection
EndGlobal
