
Microsoft Visual Studio Solution File, Format Version 12.00
# Visual Studio Version 17
VisualStudioVersion = 17.8.34330.188
MinimumVisualStudioVersion = 10.0.40219.1
Project("{A07B5EB6-E848-4116-A8D0-A826331D98C6}") = "ECommerce", "Service_Fabric\ECommerce\ECommerce.sfproj", "{64A5510C-DC40-4B9B-91E9-E728D397F1C6}"
EndProject
Project("{9A19103F-16F7-4668-BE54-9A1E7A4F7556}") = "ECommerce.ProductCatalog", "Service_Fabric\ECommerce.ProductCatalog\ECommerce.ProductCatalog.csproj", "{87B164F1-B1EA-4E0A-8676-3BDCD5015715}"
EndProject
Project("{9A19103F-16F7-4668-BE54-9A1E7A4F7556}") = "ECommerce.ProductCatalog.Model", "Service_Fabric\ECommerce.ProductCatalog.Model\ECommerce.ProductCatalog.Model.csproj", "{F9012191-28BA-46F5-91F8-A5F6C4B7D778}"
EndProject
Project("{9A19103F-16F7-4668-BE54-9A1E7A4F7556}") = "ECommerce.API", "Service_Fabric\ECommerce.API\ECommerce.API.csproj", "{2653D1BB-7CFF-4B5F-9FDE-A69A5F007A39}"
EndProject
Project("{9A19103F-16F7-4668-BE54-9A1E7A4F7556}") = "UserActor", "Service_Fabric\UserActor\UserActor.csproj", "{CD343D87-A916-40AE-BFE2-01A73AD98FA5}"
EndProject
Project("{9A19103F-16F7-4668-BE54-9A1E7A4F7556}") = "UserActor.Interfaces", "Service_Fabric\UserActor.Interfaces\UserActor.Interfaces.csproj", "{610AB316-BD99-4368-8C5E-C02EF591F4DE}"
EndProject
Project("{9A19103F-16F7-4668-BE54-9A1E7A4F7556}") = "ECommerce.CheckoutService", "Service_Fabric\ECommerce.CheckoutService\ECommerce.CheckoutService.csproj", "{023901BA-4739-4F7A-91E9-E73176602765}"
EndProject
Project("{9A19103F-16F7-4668-BE54-9A1E7A4F7556}") = "ECommerce.CheckoutService.Model", "Service_Fabric\ECommerce.CheckoutService.Model\ECommerce.CheckoutService.Model.csproj", "{6DBBCFC9-056F-4086-B9E4-D451D212F63A}"
EndProject
Project("{2150E333-8FDC-42A3-9474-1A3956D46DE8}") = "Dapr", "Dapr", "{961B98B3-0D66-4926-B94E-4C2B11AE9AEA}"
EndProject
Project("{9A19103F-16F7-4668-BE54-9A1E7A4F7556}") = "UserActor", "Dapr\UserActor\UserActor.csproj", "{1DB50FD7-C883-41A6-AF14-D830DA3FD1F6}"
EndProject
Project("{9A19103F-16F7-4668-BE54-9A1E7A4F7556}") = "Shared", "Shared\Shared.csproj", "{5B7527E5-B780-4B5E-A3D2-8CB4F58ACAFA}"
EndProject
Project("{9A19103F-16F7-4668-BE54-9A1E7A4F7556}") = "ECommerce.API", "Dapr\ECommerce.API\ECommerce.API.csproj", "{E113FB25-0219-413D-8864-B57DB48F6174}"
	ProjectSection(ProjectDependencies) = postProject
		{1DB50FD7-C883-41A6-AF14-D830DA3FD1F6} = {1DB50FD7-C883-41A6-AF14-D830DA3FD1F6}
		{5B7527E5-B780-4B5E-A3D2-8CB4F58ACAFA} = {5B7527E5-B780-4B5E-A3D2-8CB4F58ACAFA}
		{6DBBCFC9-056F-4086-B9E4-D451D212F63A} = {6DBBCFC9-056F-4086-B9E4-D451D212F63A}
		{F9012191-28BA-46F5-91F8-A5F6C4B7D778} = {F9012191-28BA-46F5-91F8-A5F6C4B7D778}
	EndProjectSection
EndProject
Project("{9A19103F-16F7-4668-BE54-9A1E7A4F7556}") = "Services", "Dapr\Services\Services.csproj", "{8080EAC1-53C1-4137-8DF0-A87A020D4EC5}"
	ProjectSection(ProjectDependencies) = postProject
		{1DB50FD7-C883-41A6-AF14-D830DA3FD1F6} = {1DB50FD7-C883-41A6-AF14-D830DA3FD1F6}
		{5B7527E5-B780-4B5E-A3D2-8CB4F58ACAFA} = {5B7527E5-B780-4B5E-A3D2-8CB4F58ACAFA}
	EndProjectSection
EndProject
Project("{2150E333-8FDC-42A3-9474-1A3956D46DE8}") = "Dapr_Samples", "Dapr_Samples", "{6DA24E4B-A8A9-49E6-8B8E-8045DFFD0E4D}"
EndProject
Project("{9A19103F-16F7-4668-BE54-9A1E7A4F7556}") = "SmartDevice.Client", "Dapr_Samples\Actors\client\SmartDevice.Client.csproj", "{98FFD1E1-2B36-4236-BAF3-86E4E374F809}"
EndProject
Project("{9A19103F-16F7-4668-BE54-9A1E7A4F7556}") = "SmartDevice.Interfaces", "Dapr_Samples\Actors\interfaces\SmartDevice.Interfaces.csproj", "{516CC20D-40CD-4E36-A33B-585DBB10270E}"
EndProject
Project("{9A19103F-16F7-4668-BE54-9A1E7A4F7556}") = "SmartDevice.Service", "Dapr_Samples\Actors\service\SmartDevice.Service.csproj", "{A29C0E43-9E28-4F78-8B6E-BCA26C44DD99}"
EndProject
Project("{9A19103F-16F7-4668-BE54-9A1E7A4F7556}") = "Program", "Dapr_Samples\state_management\csharp\sdk\order-processor\Program.csproj", "{00E8B727-3C73-464F-BDFE-6DC8D39F4D85}"
EndProject
Project("{9A19103F-16F7-4668-BE54-9A1E7A4F7556}") = "ProductCatalog", "ProjectCatalog\ProductCatalog.csproj", "{A10F8166-E9BE-4FBB-B59B-7104C599F60C}"
EndProject
Project("{9A19103F-16F7-4668-BE54-9A1E7A4F7556}") = "ProductCatalog.Model", "ProductCatalog.Model\ProductCatalog.Model.csproj", "{EA39D794-4DB2-48A6-A62B-769A058B991F}"
EndProject
Project("{9A19103F-16F7-4668-BE54-9A1E7A4F7556}") = "MVC", "Dapr_Samples\MVC\MVC.csproj", "{00A56277-BB15-4D96-94F9-6C47202800ED}"
EndProject
Project("{9A19103F-16F7-4668-BE54-9A1E7A4F7556}") = "ECommerce_Dapr", "ECommerce_Dapr\ECommerce_Dapr.csproj", "{E2AD7300-A035-4F63-99F3-1865910025F0}"
EndProject
Project("{9A19103F-16F7-4668-BE54-9A1E7A4F7556}") = "Testing", "Testing\Testing.csproj", "{E8227A89-7710-4D22-ABC3-CD40EED8342E}"
EndProject
Project("{2150E333-8FDC-42A3-9474-1A3956D46DE8}") = "Orleans", "Orleans", "{DCE61A48-96A7-4684-9F77-A3823EF51F35}"
EndProject
Project("{9A19103F-16F7-4668-BE54-9A1E7A4F7556}") = "MVCOrleans", "Orleans\MVCOrleans\MVCOrleans.csproj", "{73372144-9A0C-4D49-88CC-1A364A3935D7}"
EndProject
Project("{2150E333-8FDC-42A3-9474-1A3956D46DE8}") = "Akka.net", "Akka.net", "{C9C2D283-3E20-46F3-82F0-3C18CD52AD78}"
EndProject
Project("{FAE04EC0-301F-11D3-BF4B-00C04F79EFBC}") = "AkkaDemo2", "AkkaDemo2\AkkaDemo2.csproj", "{32103096-E141-44AF-861F-69CE0E9C814B}"
EndProject
Project("{FAE04EC0-301F-11D3-BF4B-00C04F79EFBC}") = "MVCWebAPI", "Orleans\MVCWebAPI\MVCWebAPI.csproj", "{EA5CE7C6-A8E2-43FB-BDF7-E9A27E8B4A86}"
EndProject
Project("{9A19103F-16F7-4668-BE54-9A1E7A4F7556}") = "OrleansServer", "Orleans\OrleansServer\OrleansServer.csproj", "{3FA20DAB-9096-4269-B7B2-81FCD2563B89}"
	ProjectSection(ProjectDependencies) = postProject
		{88F86D91-035D-4EEE-8DD7-87D65104F89D} = {88F86D91-035D-4EEE-8DD7-87D65104F89D}
	EndProjectSection
EndProject
Project("{9A19103F-16F7-4668-BE54-9A1E7A4F7556}") = "Orleans_Client", "Orleans\Orleans_Client\Orleans_Client.csproj", "{A2F5D614-5781-4C1E-968E-3C9392E442AC}"
	ProjectSection(ProjectDependencies) = postProject
		{88F86D91-035D-4EEE-8DD7-87D65104F89D} = {88F86D91-035D-4EEE-8DD7-87D65104F89D}
	EndProjectSection
EndProject
Project("{9A19103F-16F7-4668-BE54-9A1E7A4F7556}") = "SharedFiles", "SharedFiles\SharedFiles.csproj", "{88F86D91-035D-4EEE-8DD7-87D65104F89D}"
EndProject
Project("{2150E333-8FDC-42A3-9474-1A3956D46DE8}") = "Demo", "Demo", "{5E1DC247-BE56-4110-8E6F-92A418EE5118}"
EndProject
Project("{FAE04EC0-301F-11D3-BF4B-00C04F79EFBC}") = "DemoAPI", "Demo\DemoAPI\DemoAPI.csproj", "{0EF3C1E5-541F-449B-9A45-935305BDC882}"
	ProjectSection(ProjectDependencies) = postProject
		{58A13E12-E994-4AB4-9F20-79FC36387E38} = {58A13E12-E994-4AB4-9F20-79FC36387E38}
	EndProjectSection
EndProject
Project("{FAE04EC0-301F-11D3-BF4B-00C04F79EFBC}") = "DemoServer", "DemoServer\DemoServer.csproj", "{A9A4AD4A-0BB9-4EB4-A0A1-3446297D8D33}"
	ProjectSection(ProjectDependencies) = postProject
		{58A13E12-E994-4AB4-9F20-79FC36387E38} = {58A13E12-E994-4AB4-9F20-79FC36387E38}
	EndProjectSection
EndProject
Project("{FAE04EC0-301F-11D3-BF4B-00C04F79EFBC}") = "Required", "Required\Required.csproj", "{58A13E12-E994-4AB4-9F20-79FC36387E38}"
EndProject
Project("{2150E333-8FDC-42A3-9474-1A3956D46DE8}") = "ServiceFabric", "ServiceFabric", "{760719F9-A276-4018-B186-D6467067B6F1}"
EndProject
Project("{A07B5EB6-E848-4116-A8D0-A826331D98C6}") = "Testing", "ServiceFabric\Testing\Testing.sfproj", "{989C4B45-EF3E-4A1A-8C98-87B3D46C55E4}"
EndProject
Project("{FAE04EC0-301F-11D3-BF4B-00C04F79EFBC}") = "Stateless1", "ServiceFabric\Stateless1\Stateless1.csproj", "{A41415C6-3435-4C22-A4C7-24BE2C9A3ABE}"
EndProject
Project("{A07B5EB6-E848-4116-A8D0-A826331D98C6}") = "DeploySF", "ServiceFabric\DeploySF\DeploySF.sfproj", "{5EA47CF3-E0B9-4954-A4DA-8B9FB6CEC462}"
EndProject
Global
	GlobalSection(SolutionConfigurationPlatforms) = preSolution
		Debug|Any CPU = Debug|Any CPU
		Debug|x64 = Debug|x64
		Release|Any CPU = Release|Any CPU
		Release|x64 = Release|x64
	EndGlobalSection
	GlobalSection(ProjectConfigurationPlatforms) = postSolution
		{64A5510C-DC40-4B9B-91E9-E728D397F1C6}.Debug|Any CPU.ActiveCfg = Debug|x64
		{64A5510C-DC40-4B9B-91E9-E728D397F1C6}.Debug|x64.ActiveCfg = Debug|x64
		{64A5510C-DC40-4B9B-91E9-E728D397F1C6}.Debug|x64.Build.0 = Debug|x64
		{64A5510C-DC40-4B9B-91E9-E728D397F1C6}.Debug|x64.Deploy.0 = Debug|x64
		{64A5510C-DC40-4B9B-91E9-E728D397F1C6}.Release|Any CPU.ActiveCfg = Release|x64
		{64A5510C-DC40-4B9B-91E9-E728D397F1C6}.Release|x64.ActiveCfg = Release|x64
		{64A5510C-DC40-4B9B-91E9-E728D397F1C6}.Release|x64.Build.0 = Release|x64
		{64A5510C-DC40-4B9B-91E9-E728D397F1C6}.Release|x64.Deploy.0 = Release|x64
		{87B164F1-B1EA-4E0A-8676-3BDCD5015715}.Debug|Any CPU.ActiveCfg = Debug|Any CPU
		{87B164F1-B1EA-4E0A-8676-3BDCD5015715}.Debug|Any CPU.Build.0 = Debug|Any CPU
		{87B164F1-B1EA-4E0A-8676-3BDCD5015715}.Debug|x64.ActiveCfg = Debug|Any CPU
		{87B164F1-B1EA-4E0A-8676-3BDCD5015715}.Debug|x64.Build.0 = Debug|Any CPU
		{87B164F1-B1EA-4E0A-8676-3BDCD5015715}.Release|Any CPU.ActiveCfg = Release|Any CPU
		{87B164F1-B1EA-4E0A-8676-3BDCD5015715}.Release|Any CPU.Build.0 = Release|Any CPU
		{87B164F1-B1EA-4E0A-8676-3BDCD5015715}.Release|x64.ActiveCfg = Release|Any CPU
		{87B164F1-B1EA-4E0A-8676-3BDCD5015715}.Release|x64.Build.0 = Release|Any CPU
		{F9012191-28BA-46F5-91F8-A5F6C4B7D778}.Debug|Any CPU.ActiveCfg = Debug|Any CPU
		{F9012191-28BA-46F5-91F8-A5F6C4B7D778}.Debug|Any CPU.Build.0 = Debug|Any CPU
		{F9012191-28BA-46F5-91F8-A5F6C4B7D778}.Debug|x64.ActiveCfg = Debug|Any CPU
		{F9012191-28BA-46F5-91F8-A5F6C4B7D778}.Debug|x64.Build.0 = Debug|Any CPU
		{F9012191-28BA-46F5-91F8-A5F6C4B7D778}.Release|Any CPU.ActiveCfg = Release|Any CPU
		{F9012191-28BA-46F5-91F8-A5F6C4B7D778}.Release|Any CPU.Build.0 = Release|Any CPU
		{F9012191-28BA-46F5-91F8-A5F6C4B7D778}.Release|x64.ActiveCfg = Release|Any CPU
		{F9012191-28BA-46F5-91F8-A5F6C4B7D778}.Release|x64.Build.0 = Release|Any CPU
		{2653D1BB-7CFF-4B5F-9FDE-A69A5F007A39}.Debug|Any CPU.ActiveCfg = Debug|Any CPU
		{2653D1BB-7CFF-4B5F-9FDE-A69A5F007A39}.Debug|Any CPU.Build.0 = Debug|Any CPU
		{2653D1BB-7CFF-4B5F-9FDE-A69A5F007A39}.Debug|x64.ActiveCfg = Debug|Any CPU
		{2653D1BB-7CFF-4B5F-9FDE-A69A5F007A39}.Debug|x64.Build.0 = Debug|Any CPU
		{2653D1BB-7CFF-4B5F-9FDE-A69A5F007A39}.Release|Any CPU.ActiveCfg = Release|Any CPU
		{2653D1BB-7CFF-4B5F-9FDE-A69A5F007A39}.Release|Any CPU.Build.0 = Release|Any CPU
		{2653D1BB-7CFF-4B5F-9FDE-A69A5F007A39}.Release|x64.ActiveCfg = Release|Any CPU
		{2653D1BB-7CFF-4B5F-9FDE-A69A5F007A39}.Release|x64.Build.0 = Release|Any CPU
		{CD343D87-A916-40AE-BFE2-01A73AD98FA5}.Debug|Any CPU.ActiveCfg = Debug|Any CPU
		{CD343D87-A916-40AE-BFE2-01A73AD98FA5}.Debug|Any CPU.Build.0 = Debug|Any CPU
		{CD343D87-A916-40AE-BFE2-01A73AD98FA5}.Debug|x64.ActiveCfg = Debug|Any CPU
		{CD343D87-A916-40AE-BFE2-01A73AD98FA5}.Debug|x64.Build.0 = Debug|Any CPU
		{CD343D87-A916-40AE-BFE2-01A73AD98FA5}.Release|Any CPU.ActiveCfg = Release|Any CPU
		{CD343D87-A916-40AE-BFE2-01A73AD98FA5}.Release|Any CPU.Build.0 = Release|Any CPU
		{CD343D87-A916-40AE-BFE2-01A73AD98FA5}.Release|x64.ActiveCfg = Release|Any CPU
		{CD343D87-A916-40AE-BFE2-01A73AD98FA5}.Release|x64.Build.0 = Release|Any CPU
		{610AB316-BD99-4368-8C5E-C02EF591F4DE}.Debug|Any CPU.ActiveCfg = Debug|Any CPU
		{610AB316-BD99-4368-8C5E-C02EF591F4DE}.Debug|Any CPU.Build.0 = Debug|Any CPU
		{610AB316-BD99-4368-8C5E-C02EF591F4DE}.Debug|x64.ActiveCfg = Debug|Any CPU
		{610AB316-BD99-4368-8C5E-C02EF591F4DE}.Debug|x64.Build.0 = Debug|Any CPU
		{610AB316-BD99-4368-8C5E-C02EF591F4DE}.Release|Any CPU.ActiveCfg = Release|Any CPU
		{610AB316-BD99-4368-8C5E-C02EF591F4DE}.Release|Any CPU.Build.0 = Release|Any CPU
		{610AB316-BD99-4368-8C5E-C02EF591F4DE}.Release|x64.ActiveCfg = Release|Any CPU
		{610AB316-BD99-4368-8C5E-C02EF591F4DE}.Release|x64.Build.0 = Release|Any CPU
		{023901BA-4739-4F7A-91E9-E73176602765}.Debug|Any CPU.ActiveCfg = Debug|Any CPU
		{023901BA-4739-4F7A-91E9-E73176602765}.Debug|Any CPU.Build.0 = Debug|Any CPU
		{023901BA-4739-4F7A-91E9-E73176602765}.Debug|x64.ActiveCfg = Debug|Any CPU
		{023901BA-4739-4F7A-91E9-E73176602765}.Debug|x64.Build.0 = Debug|Any CPU
		{023901BA-4739-4F7A-91E9-E73176602765}.Release|Any CPU.ActiveCfg = Release|Any CPU
		{023901BA-4739-4F7A-91E9-E73176602765}.Release|Any CPU.Build.0 = Release|Any CPU
		{023901BA-4739-4F7A-91E9-E73176602765}.Release|x64.ActiveCfg = Release|Any CPU
		{023901BA-4739-4F7A-91E9-E73176602765}.Release|x64.Build.0 = Release|Any CPU
		{6DBBCFC9-056F-4086-B9E4-D451D212F63A}.Debug|Any CPU.ActiveCfg = Debug|Any CPU
		{6DBBCFC9-056F-4086-B9E4-D451D212F63A}.Debug|Any CPU.Build.0 = Debug|Any CPU
		{6DBBCFC9-056F-4086-B9E4-D451D212F63A}.Debug|x64.ActiveCfg = Debug|Any CPU
		{6DBBCFC9-056F-4086-B9E4-D451D212F63A}.Debug|x64.Build.0 = Debug|Any CPU
		{6DBBCFC9-056F-4086-B9E4-D451D212F63A}.Release|Any CPU.ActiveCfg = Release|Any CPU
		{6DBBCFC9-056F-4086-B9E4-D451D212F63A}.Release|Any CPU.Build.0 = Release|Any CPU
		{6DBBCFC9-056F-4086-B9E4-D451D212F63A}.Release|x64.ActiveCfg = Release|Any CPU
		{6DBBCFC9-056F-4086-B9E4-D451D212F63A}.Release|x64.Build.0 = Release|Any CPU
		{1DB50FD7-C883-41A6-AF14-D830DA3FD1F6}.Debug|Any CPU.ActiveCfg = Debug|Any CPU
		{1DB50FD7-C883-41A6-AF14-D830DA3FD1F6}.Debug|Any CPU.Build.0 = Debug|Any CPU
		{1DB50FD7-C883-41A6-AF14-D830DA3FD1F6}.Debug|x64.ActiveCfg = Debug|Any CPU
		{1DB50FD7-C883-41A6-AF14-D830DA3FD1F6}.Debug|x64.Build.0 = Debug|Any CPU
		{1DB50FD7-C883-41A6-AF14-D830DA3FD1F6}.Release|Any CPU.ActiveCfg = Release|Any CPU
		{1DB50FD7-C883-41A6-AF14-D830DA3FD1F6}.Release|Any CPU.Build.0 = Release|Any CPU
		{1DB50FD7-C883-41A6-AF14-D830DA3FD1F6}.Release|x64.ActiveCfg = Release|Any CPU
		{1DB50FD7-C883-41A6-AF14-D830DA3FD1F6}.Release|x64.Build.0 = Release|Any CPU
		{5B7527E5-B780-4B5E-A3D2-8CB4F58ACAFA}.Debug|Any CPU.ActiveCfg = Debug|Any CPU
		{5B7527E5-B780-4B5E-A3D2-8CB4F58ACAFA}.Debug|Any CPU.Build.0 = Debug|Any CPU
		{5B7527E5-B780-4B5E-A3D2-8CB4F58ACAFA}.Debug|x64.ActiveCfg = Debug|Any CPU
		{5B7527E5-B780-4B5E-A3D2-8CB4F58ACAFA}.Debug|x64.Build.0 = Debug|Any CPU
		{5B7527E5-B780-4B5E-A3D2-8CB4F58ACAFA}.Release|Any CPU.ActiveCfg = Release|Any CPU
		{5B7527E5-B780-4B5E-A3D2-8CB4F58ACAFA}.Release|Any CPU.Build.0 = Release|Any CPU
		{5B7527E5-B780-4B5E-A3D2-8CB4F58ACAFA}.Release|x64.ActiveCfg = Release|Any CPU
		{5B7527E5-B780-4B5E-A3D2-8CB4F58ACAFA}.Release|x64.Build.0 = Release|Any CPU
		{E113FB25-0219-413D-8864-B57DB48F6174}.Debug|Any CPU.ActiveCfg = Debug|Any CPU
		{E113FB25-0219-413D-8864-B57DB48F6174}.Debug|Any CPU.Build.0 = Debug|Any CPU
		{E113FB25-0219-413D-8864-B57DB48F6174}.Debug|x64.ActiveCfg = Debug|Any CPU
		{E113FB25-0219-413D-8864-B57DB48F6174}.Debug|x64.Build.0 = Debug|Any CPU
		{E113FB25-0219-413D-8864-B57DB48F6174}.Release|Any CPU.ActiveCfg = Release|Any CPU
		{E113FB25-0219-413D-8864-B57DB48F6174}.Release|Any CPU.Build.0 = Release|Any CPU
		{E113FB25-0219-413D-8864-B57DB48F6174}.Release|x64.ActiveCfg = Release|Any CPU
		{E113FB25-0219-413D-8864-B57DB48F6174}.Release|x64.Build.0 = Release|Any CPU
		{8080EAC1-53C1-4137-8DF0-A87A020D4EC5}.Debug|Any CPU.ActiveCfg = Debug|Any CPU
		{8080EAC1-53C1-4137-8DF0-A87A020D4EC5}.Debug|Any CPU.Build.0 = Debug|Any CPU
		{8080EAC1-53C1-4137-8DF0-A87A020D4EC5}.Debug|x64.ActiveCfg = Debug|Any CPU
		{8080EAC1-53C1-4137-8DF0-A87A020D4EC5}.Debug|x64.Build.0 = Debug|Any CPU
		{8080EAC1-53C1-4137-8DF0-A87A020D4EC5}.Release|Any CPU.ActiveCfg = Release|Any CPU
		{8080EAC1-53C1-4137-8DF0-A87A020D4EC5}.Release|Any CPU.Build.0 = Release|Any CPU
		{8080EAC1-53C1-4137-8DF0-A87A020D4EC5}.Release|x64.ActiveCfg = Release|Any CPU
		{8080EAC1-53C1-4137-8DF0-A87A020D4EC5}.Release|x64.Build.0 = Release|Any CPU
		{98FFD1E1-2B36-4236-BAF3-86E4E374F809}.Debug|Any CPU.ActiveCfg = Debug|Any CPU
		{98FFD1E1-2B36-4236-BAF3-86E4E374F809}.Debug|Any CPU.Build.0 = Debug|Any CPU
		{98FFD1E1-2B36-4236-BAF3-86E4E374F809}.Debug|x64.ActiveCfg = Debug|Any CPU
		{98FFD1E1-2B36-4236-BAF3-86E4E374F809}.Debug|x64.Build.0 = Debug|Any CPU
		{98FFD1E1-2B36-4236-BAF3-86E4E374F809}.Release|Any CPU.ActiveCfg = Release|Any CPU
		{98FFD1E1-2B36-4236-BAF3-86E4E374F809}.Release|Any CPU.Build.0 = Release|Any CPU
		{98FFD1E1-2B36-4236-BAF3-86E4E374F809}.Release|x64.ActiveCfg = Release|Any CPU
		{98FFD1E1-2B36-4236-BAF3-86E4E374F809}.Release|x64.Build.0 = Release|Any CPU
		{516CC20D-40CD-4E36-A33B-585DBB10270E}.Debug|Any CPU.ActiveCfg = Debug|Any CPU
		{516CC20D-40CD-4E36-A33B-585DBB10270E}.Debug|Any CPU.Build.0 = Debug|Any CPU
		{516CC20D-40CD-4E36-A33B-585DBB10270E}.Debug|x64.ActiveCfg = Debug|Any CPU
		{516CC20D-40CD-4E36-A33B-585DBB10270E}.Debug|x64.Build.0 = Debug|Any CPU
		{516CC20D-40CD-4E36-A33B-585DBB10270E}.Release|Any CPU.ActiveCfg = Release|Any CPU
		{516CC20D-40CD-4E36-A33B-585DBB10270E}.Release|Any CPU.Build.0 = Release|Any CPU
		{516CC20D-40CD-4E36-A33B-585DBB10270E}.Release|x64.ActiveCfg = Release|Any CPU
		{516CC20D-40CD-4E36-A33B-585DBB10270E}.Release|x64.Build.0 = Release|Any CPU
		{A29C0E43-9E28-4F78-8B6E-BCA26C44DD99}.Debug|Any CPU.ActiveCfg = Debug|Any CPU
		{A29C0E43-9E28-4F78-8B6E-BCA26C44DD99}.Debug|Any CPU.Build.0 = Debug|Any CPU
		{A29C0E43-9E28-4F78-8B6E-BCA26C44DD99}.Debug|x64.ActiveCfg = Debug|Any CPU
		{A29C0E43-9E28-4F78-8B6E-BCA26C44DD99}.Debug|x64.Build.0 = Debug|Any CPU
		{A29C0E43-9E28-4F78-8B6E-BCA26C44DD99}.Release|Any CPU.ActiveCfg = Release|Any CPU
		{A29C0E43-9E28-4F78-8B6E-BCA26C44DD99}.Release|Any CPU.Build.0 = Release|Any CPU
		{A29C0E43-9E28-4F78-8B6E-BCA26C44DD99}.Release|x64.ActiveCfg = Release|Any CPU
		{A29C0E43-9E28-4F78-8B6E-BCA26C44DD99}.Release|x64.Build.0 = Release|Any CPU
		{00E8B727-3C73-464F-BDFE-6DC8D39F4D85}.Debug|Any CPU.ActiveCfg = Debug|Any CPU
		{00E8B727-3C73-464F-BDFE-6DC8D39F4D85}.Debug|Any CPU.Build.0 = Debug|Any CPU
		{00E8B727-3C73-464F-BDFE-6DC8D39F4D85}.Debug|x64.ActiveCfg = Debug|Any CPU
		{00E8B727-3C73-464F-BDFE-6DC8D39F4D85}.Debug|x64.Build.0 = Debug|Any CPU
		{00E8B727-3C73-464F-BDFE-6DC8D39F4D85}.Release|Any CPU.ActiveCfg = Release|Any CPU
		{00E8B727-3C73-464F-BDFE-6DC8D39F4D85}.Release|Any CPU.Build.0 = Release|Any CPU
		{00E8B727-3C73-464F-BDFE-6DC8D39F4D85}.Release|x64.ActiveCfg = Release|Any CPU
		{00E8B727-3C73-464F-BDFE-6DC8D39F4D85}.Release|x64.Build.0 = Release|Any CPU
		{A10F8166-E9BE-4FBB-B59B-7104C599F60C}.Debug|Any CPU.ActiveCfg = Debug|Any CPU
		{A10F8166-E9BE-4FBB-B59B-7104C599F60C}.Debug|Any CPU.Build.0 = Debug|Any CPU
		{A10F8166-E9BE-4FBB-B59B-7104C599F60C}.Debug|x64.ActiveCfg = Debug|Any CPU
		{A10F8166-E9BE-4FBB-B59B-7104C599F60C}.Debug|x64.Build.0 = Debug|Any CPU
		{A10F8166-E9BE-4FBB-B59B-7104C599F60C}.Release|Any CPU.ActiveCfg = Release|Any CPU
		{A10F8166-E9BE-4FBB-B59B-7104C599F60C}.Release|Any CPU.Build.0 = Release|Any CPU
		{A10F8166-E9BE-4FBB-B59B-7104C599F60C}.Release|x64.ActiveCfg = Release|Any CPU
		{A10F8166-E9BE-4FBB-B59B-7104C599F60C}.Release|x64.Build.0 = Release|Any CPU
		{EA39D794-4DB2-48A6-A62B-769A058B991F}.Debug|Any CPU.ActiveCfg = Debug|Any CPU
		{EA39D794-4DB2-48A6-A62B-769A058B991F}.Debug|Any CPU.Build.0 = Debug|Any CPU
		{EA39D794-4DB2-48A6-A62B-769A058B991F}.Debug|x64.ActiveCfg = Debug|Any CPU
		{EA39D794-4DB2-48A6-A62B-769A058B991F}.Debug|x64.Build.0 = Debug|Any CPU
		{EA39D794-4DB2-48A6-A62B-769A058B991F}.Release|Any CPU.ActiveCfg = Release|Any CPU
		{EA39D794-4DB2-48A6-A62B-769A058B991F}.Release|Any CPU.Build.0 = Release|Any CPU
		{EA39D794-4DB2-48A6-A62B-769A058B991F}.Release|x64.ActiveCfg = Release|Any CPU
		{EA39D794-4DB2-48A6-A62B-769A058B991F}.Release|x64.Build.0 = Release|Any CPU
		{00A56277-BB15-4D96-94F9-6C47202800ED}.Debug|Any CPU.ActiveCfg = Debug|Any CPU
		{00A56277-BB15-4D96-94F9-6C47202800ED}.Debug|Any CPU.Build.0 = Debug|Any CPU
		{00A56277-BB15-4D96-94F9-6C47202800ED}.Debug|x64.ActiveCfg = Debug|Any CPU
		{00A56277-BB15-4D96-94F9-6C47202800ED}.Debug|x64.Build.0 = Debug|Any CPU
		{00A56277-BB15-4D96-94F9-6C47202800ED}.Release|Any CPU.ActiveCfg = Release|Any CPU
		{00A56277-BB15-4D96-94F9-6C47202800ED}.Release|Any CPU.Build.0 = Release|Any CPU
		{00A56277-BB15-4D96-94F9-6C47202800ED}.Release|x64.ActiveCfg = Release|Any CPU
		{00A56277-BB15-4D96-94F9-6C47202800ED}.Release|x64.Build.0 = Release|Any CPU
		{E2AD7300-A035-4F63-99F3-1865910025F0}.Debug|Any CPU.ActiveCfg = Debug|Any CPU
		{E2AD7300-A035-4F63-99F3-1865910025F0}.Debug|Any CPU.Build.0 = Debug|Any CPU
		{E2AD7300-A035-4F63-99F3-1865910025F0}.Debug|x64.ActiveCfg = Debug|Any CPU
		{E2AD7300-A035-4F63-99F3-1865910025F0}.Debug|x64.Build.0 = Debug|Any CPU
		{E2AD7300-A035-4F63-99F3-1865910025F0}.Release|Any CPU.ActiveCfg = Release|Any CPU
		{E2AD7300-A035-4F63-99F3-1865910025F0}.Release|Any CPU.Build.0 = Release|Any CPU
		{E2AD7300-A035-4F63-99F3-1865910025F0}.Release|x64.ActiveCfg = Release|Any CPU
		{E2AD7300-A035-4F63-99F3-1865910025F0}.Release|x64.Build.0 = Release|Any CPU
		{E8227A89-7710-4D22-ABC3-CD40EED8342E}.Debug|Any CPU.ActiveCfg = Debug|Any CPU
		{E8227A89-7710-4D22-ABC3-CD40EED8342E}.Debug|Any CPU.Build.0 = Debug|Any CPU
		{E8227A89-7710-4D22-ABC3-CD40EED8342E}.Debug|x64.ActiveCfg = Debug|Any CPU
		{E8227A89-7710-4D22-ABC3-CD40EED8342E}.Debug|x64.Build.0 = Debug|Any CPU
		{E8227A89-7710-4D22-ABC3-CD40EED8342E}.Release|Any CPU.ActiveCfg = Release|Any CPU
		{E8227A89-7710-4D22-ABC3-CD40EED8342E}.Release|Any CPU.Build.0 = Release|Any CPU
		{E8227A89-7710-4D22-ABC3-CD40EED8342E}.Release|x64.ActiveCfg = Release|Any CPU
		{E8227A89-7710-4D22-ABC3-CD40EED8342E}.Release|x64.Build.0 = Release|Any CPU
		{73372144-9A0C-4D49-88CC-1A364A3935D7}.Debug|Any CPU.ActiveCfg = Debug|Any CPU
		{73372144-9A0C-4D49-88CC-1A364A3935D7}.Debug|Any CPU.Build.0 = Debug|Any CPU
		{73372144-9A0C-4D49-88CC-1A364A3935D7}.Debug|x64.ActiveCfg = Debug|Any CPU
		{73372144-9A0C-4D49-88CC-1A364A3935D7}.Debug|x64.Build.0 = Debug|Any CPU
		{73372144-9A0C-4D49-88CC-1A364A3935D7}.Release|Any CPU.ActiveCfg = Release|Any CPU
		{73372144-9A0C-4D49-88CC-1A364A3935D7}.Release|Any CPU.Build.0 = Release|Any CPU
		{73372144-9A0C-4D49-88CC-1A364A3935D7}.Release|x64.ActiveCfg = Release|Any CPU
		{73372144-9A0C-4D49-88CC-1A364A3935D7}.Release|x64.Build.0 = Release|Any CPU
		{32103096-E141-44AF-861F-69CE0E9C814B}.Debug|Any CPU.ActiveCfg = Debug|Any CPU
		{32103096-E141-44AF-861F-69CE0E9C814B}.Debug|Any CPU.Build.0 = Debug|Any CPU
		{32103096-E141-44AF-861F-69CE0E9C814B}.Debug|x64.ActiveCfg = Debug|Any CPU
		{32103096-E141-44AF-861F-69CE0E9C814B}.Debug|x64.Build.0 = Debug|Any CPU
		{32103096-E141-44AF-861F-69CE0E9C814B}.Release|Any CPU.ActiveCfg = Release|Any CPU
		{32103096-E141-44AF-861F-69CE0E9C814B}.Release|Any CPU.Build.0 = Release|Any CPU
		{32103096-E141-44AF-861F-69CE0E9C814B}.Release|x64.ActiveCfg = Release|Any CPU
		{32103096-E141-44AF-861F-69CE0E9C814B}.Release|x64.Build.0 = Release|Any CPU
		{EA5CE7C6-A8E2-43FB-BDF7-E9A27E8B4A86}.Debug|Any CPU.ActiveCfg = Debug|Any CPU
		{EA5CE7C6-A8E2-43FB-BDF7-E9A27E8B4A86}.Debug|Any CPU.Build.0 = Debug|Any CPU
		{EA5CE7C6-A8E2-43FB-BDF7-E9A27E8B4A86}.Debug|x64.ActiveCfg = Debug|Any CPU
		{EA5CE7C6-A8E2-43FB-BDF7-E9A27E8B4A86}.Debug|x64.Build.0 = Debug|Any CPU
		{EA5CE7C6-A8E2-43FB-BDF7-E9A27E8B4A86}.Release|Any CPU.ActiveCfg = Release|Any CPU
		{EA5CE7C6-A8E2-43FB-BDF7-E9A27E8B4A86}.Release|Any CPU.Build.0 = Release|Any CPU
		{EA5CE7C6-A8E2-43FB-BDF7-E9A27E8B4A86}.Release|x64.ActiveCfg = Release|Any CPU
		{EA5CE7C6-A8E2-43FB-BDF7-E9A27E8B4A86}.Release|x64.Build.0 = Release|Any CPU
		{3FA20DAB-9096-4269-B7B2-81FCD2563B89}.Debug|Any CPU.ActiveCfg = Debug|Any CPU
		{3FA20DAB-9096-4269-B7B2-81FCD2563B89}.Debug|Any CPU.Build.0 = Debug|Any CPU
		{3FA20DAB-9096-4269-B7B2-81FCD2563B89}.Debug|x64.ActiveCfg = Debug|Any CPU
		{3FA20DAB-9096-4269-B7B2-81FCD2563B89}.Debug|x64.Build.0 = Debug|Any CPU
		{3FA20DAB-9096-4269-B7B2-81FCD2563B89}.Release|Any CPU.ActiveCfg = Release|Any CPU
		{3FA20DAB-9096-4269-B7B2-81FCD2563B89}.Release|Any CPU.Build.0 = Release|Any CPU
		{3FA20DAB-9096-4269-B7B2-81FCD2563B89}.Release|x64.ActiveCfg = Release|Any CPU
		{3FA20DAB-9096-4269-B7B2-81FCD2563B89}.Release|x64.Build.0 = Release|Any CPU
		{A2F5D614-5781-4C1E-968E-3C9392E442AC}.Debug|Any CPU.ActiveCfg = Debug|Any CPU
		{A2F5D614-5781-4C1E-968E-3C9392E442AC}.Debug|Any CPU.Build.0 = Debug|Any CPU
		{A2F5D614-5781-4C1E-968E-3C9392E442AC}.Debug|x64.ActiveCfg = Debug|Any CPU
		{A2F5D614-5781-4C1E-968E-3C9392E442AC}.Debug|x64.Build.0 = Debug|Any CPU
		{A2F5D614-5781-4C1E-968E-3C9392E442AC}.Release|Any CPU.ActiveCfg = Release|Any CPU
		{A2F5D614-5781-4C1E-968E-3C9392E442AC}.Release|Any CPU.Build.0 = Release|Any CPU
		{A2F5D614-5781-4C1E-968E-3C9392E442AC}.Release|x64.ActiveCfg = Release|Any CPU
		{A2F5D614-5781-4C1E-968E-3C9392E442AC}.Release|x64.Build.0 = Release|Any CPU
		{88F86D91-035D-4EEE-8DD7-87D65104F89D}.Debug|Any CPU.ActiveCfg = Debug|Any CPU
		{88F86D91-035D-4EEE-8DD7-87D65104F89D}.Debug|Any CPU.Build.0 = Debug|Any CPU
		{88F86D91-035D-4EEE-8DD7-87D65104F89D}.Debug|x64.ActiveCfg = Debug|Any CPU
		{88F86D91-035D-4EEE-8DD7-87D65104F89D}.Debug|x64.Build.0 = Debug|Any CPU
		{88F86D91-035D-4EEE-8DD7-87D65104F89D}.Release|Any CPU.ActiveCfg = Release|Any CPU
		{88F86D91-035D-4EEE-8DD7-87D65104F89D}.Release|Any CPU.Build.0 = Release|Any CPU
		{88F86D91-035D-4EEE-8DD7-87D65104F89D}.Release|x64.ActiveCfg = Release|Any CPU
		{88F86D91-035D-4EEE-8DD7-87D65104F89D}.Release|x64.Build.0 = Release|Any CPU
		{0EF3C1E5-541F-449B-9A45-935305BDC882}.Debug|Any CPU.ActiveCfg = Debug|Any CPU
		{0EF3C1E5-541F-449B-9A45-935305BDC882}.Debug|Any CPU.Build.0 = Debug|Any CPU
		{0EF3C1E5-541F-449B-9A45-935305BDC882}.Debug|x64.ActiveCfg = Debug|Any CPU
		{0EF3C1E5-541F-449B-9A45-935305BDC882}.Debug|x64.Build.0 = Debug|Any CPU
		{0EF3C1E5-541F-449B-9A45-935305BDC882}.Release|Any CPU.ActiveCfg = Release|Any CPU
		{0EF3C1E5-541F-449B-9A45-935305BDC882}.Release|Any CPU.Build.0 = Release|Any CPU
		{0EF3C1E5-541F-449B-9A45-935305BDC882}.Release|x64.ActiveCfg = Release|Any CPU
		{0EF3C1E5-541F-449B-9A45-935305BDC882}.Release|x64.Build.0 = Release|Any CPU
		{A9A4AD4A-0BB9-4EB4-A0A1-3446297D8D33}.Debug|Any CPU.ActiveCfg = Debug|Any CPU
		{A9A4AD4A-0BB9-4EB4-A0A1-3446297D8D33}.Debug|Any CPU.Build.0 = Debug|Any CPU
		{A9A4AD4A-0BB9-4EB4-A0A1-3446297D8D33}.Debug|x64.ActiveCfg = Debug|Any CPU
		{A9A4AD4A-0BB9-4EB4-A0A1-3446297D8D33}.Debug|x64.Build.0 = Debug|Any CPU
		{A9A4AD4A-0BB9-4EB4-A0A1-3446297D8D33}.Release|Any CPU.ActiveCfg = Release|Any CPU
		{A9A4AD4A-0BB9-4EB4-A0A1-3446297D8D33}.Release|Any CPU.Build.0 = Release|Any CPU
		{A9A4AD4A-0BB9-4EB4-A0A1-3446297D8D33}.Release|x64.ActiveCfg = Release|Any CPU
		{A9A4AD4A-0BB9-4EB4-A0A1-3446297D8D33}.Release|x64.Build.0 = Release|Any CPU
		{58A13E12-E994-4AB4-9F20-79FC36387E38}.Debug|Any CPU.ActiveCfg = Debug|Any CPU
		{58A13E12-E994-4AB4-9F20-79FC36387E38}.Debug|Any CPU.Build.0 = Debug|Any CPU
		{58A13E12-E994-4AB4-9F20-79FC36387E38}.Debug|x64.ActiveCfg = Debug|Any CPU
		{58A13E12-E994-4AB4-9F20-79FC36387E38}.Debug|x64.Build.0 = Debug|Any CPU
		{58A13E12-E994-4AB4-9F20-79FC36387E38}.Release|Any CPU.ActiveCfg = Release|Any CPU
		{58A13E12-E994-4AB4-9F20-79FC36387E38}.Release|Any CPU.Build.0 = Release|Any CPU
		{58A13E12-E994-4AB4-9F20-79FC36387E38}.Release|x64.ActiveCfg = Release|Any CPU
		{58A13E12-E994-4AB4-9F20-79FC36387E38}.Release|x64.Build.0 = Release|Any CPU
		{989C4B45-EF3E-4A1A-8C98-87B3D46C55E4}.Debug|Any CPU.ActiveCfg = Debug|x64
		{989C4B45-EF3E-4A1A-8C98-87B3D46C55E4}.Debug|Any CPU.Build.0 = Debug|x64
		{989C4B45-EF3E-4A1A-8C98-87B3D46C55E4}.Debug|Any CPU.Deploy.0 = Debug|x64
		{989C4B45-EF3E-4A1A-8C98-87B3D46C55E4}.Debug|x64.ActiveCfg = Debug|x64
		{989C4B45-EF3E-4A1A-8C98-87B3D46C55E4}.Debug|x64.Build.0 = Debug|x64
		{989C4B45-EF3E-4A1A-8C98-87B3D46C55E4}.Debug|x64.Deploy.0 = Debug|x64
		{989C4B45-EF3E-4A1A-8C98-87B3D46C55E4}.Release|Any CPU.ActiveCfg = Release|x64
		{989C4B45-EF3E-4A1A-8C98-87B3D46C55E4}.Release|Any CPU.Build.0 = Release|x64
		{989C4B45-EF3E-4A1A-8C98-87B3D46C55E4}.Release|Any CPU.Deploy.0 = Release|x64
		{989C4B45-EF3E-4A1A-8C98-87B3D46C55E4}.Release|x64.ActiveCfg = Release|x64
		{989C4B45-EF3E-4A1A-8C98-87B3D46C55E4}.Release|x64.Build.0 = Release|x64
		{989C4B45-EF3E-4A1A-8C98-87B3D46C55E4}.Release|x64.Deploy.0 = Release|x64
		{A41415C6-3435-4C22-A4C7-24BE2C9A3ABE}.Debug|Any CPU.ActiveCfg = Debug|Any CPU
		{A41415C6-3435-4C22-A4C7-24BE2C9A3ABE}.Debug|Any CPU.Build.0 = Debug|Any CPU
		{A41415C6-3435-4C22-A4C7-24BE2C9A3ABE}.Debug|x64.ActiveCfg = Debug|Any CPU
		{A41415C6-3435-4C22-A4C7-24BE2C9A3ABE}.Debug|x64.Build.0 = Debug|Any CPU
		{A41415C6-3435-4C22-A4C7-24BE2C9A3ABE}.Release|Any CPU.ActiveCfg = Release|Any CPU
		{A41415C6-3435-4C22-A4C7-24BE2C9A3ABE}.Release|Any CPU.Build.0 = Release|Any CPU
		{A41415C6-3435-4C22-A4C7-24BE2C9A3ABE}.Release|x64.ActiveCfg = Release|Any CPU
		{A41415C6-3435-4C22-A4C7-24BE2C9A3ABE}.Release|x64.Build.0 = Release|Any CPU
		{5EA47CF3-E0B9-4954-A4DA-8B9FB6CEC462}.Debug|Any CPU.ActiveCfg = Debug|x64
		{5EA47CF3-E0B9-4954-A4DA-8B9FB6CEC462}.Debug|Any CPU.Build.0 = Debug|x64
		{5EA47CF3-E0B9-4954-A4DA-8B9FB6CEC462}.Debug|Any CPU.Deploy.0 = Debug|x64
		{5EA47CF3-E0B9-4954-A4DA-8B9FB6CEC462}.Debug|x64.ActiveCfg = Debug|x64
		{5EA47CF3-E0B9-4954-A4DA-8B9FB6CEC462}.Debug|x64.Build.0 = Debug|x64
		{5EA47CF3-E0B9-4954-A4DA-8B9FB6CEC462}.Debug|x64.Deploy.0 = Debug|x64
		{5EA47CF3-E0B9-4954-A4DA-8B9FB6CEC462}.Release|Any CPU.ActiveCfg = Release|x64
		{5EA47CF3-E0B9-4954-A4DA-8B9FB6CEC462}.Release|Any CPU.Build.0 = Release|x64
		{5EA47CF3-E0B9-4954-A4DA-8B9FB6CEC462}.Release|Any CPU.Deploy.0 = Release|x64
		{5EA47CF3-E0B9-4954-A4DA-8B9FB6CEC462}.Release|x64.ActiveCfg = Release|x64
		{5EA47CF3-E0B9-4954-A4DA-8B9FB6CEC462}.Release|x64.Build.0 = Release|x64
		{5EA47CF3-E0B9-4954-A4DA-8B9FB6CEC462}.Release|x64.Deploy.0 = Release|x64
	EndGlobalSection
	GlobalSection(SolutionProperties) = preSolution
		HideSolutionNode = FALSE
	EndGlobalSection
	GlobalSection(NestedProjects) = preSolution
		{1DB50FD7-C883-41A6-AF14-D830DA3FD1F6} = {961B98B3-0D66-4926-B94E-4C2B11AE9AEA}
		{E113FB25-0219-413D-8864-B57DB48F6174} = {961B98B3-0D66-4926-B94E-4C2B11AE9AEA}
		{8080EAC1-53C1-4137-8DF0-A87A020D4EC5} = {961B98B3-0D66-4926-B94E-4C2B11AE9AEA}
		{98FFD1E1-2B36-4236-BAF3-86E4E374F809} = {6DA24E4B-A8A9-49E6-8B8E-8045DFFD0E4D}
		{516CC20D-40CD-4E36-A33B-585DBB10270E} = {6DA24E4B-A8A9-49E6-8B8E-8045DFFD0E4D}
		{A29C0E43-9E28-4F78-8B6E-BCA26C44DD99} = {6DA24E4B-A8A9-49E6-8B8E-8045DFFD0E4D}
		{00E8B727-3C73-464F-BDFE-6DC8D39F4D85} = {6DA24E4B-A8A9-49E6-8B8E-8045DFFD0E4D}
		{A10F8166-E9BE-4FBB-B59B-7104C599F60C} = {961B98B3-0D66-4926-B94E-4C2B11AE9AEA}
		{EA39D794-4DB2-48A6-A62B-769A058B991F} = {961B98B3-0D66-4926-B94E-4C2B11AE9AEA}
		{00A56277-BB15-4D96-94F9-6C47202800ED} = {6DA24E4B-A8A9-49E6-8B8E-8045DFFD0E4D}
		{E2AD7300-A035-4F63-99F3-1865910025F0} = {6DA24E4B-A8A9-49E6-8B8E-8045DFFD0E4D}
		{E8227A89-7710-4D22-ABC3-CD40EED8342E} = {6DA24E4B-A8A9-49E6-8B8E-8045DFFD0E4D}
		{73372144-9A0C-4D49-88CC-1A364A3935D7} = {DCE61A48-96A7-4684-9F77-A3823EF51F35}
		{32103096-E141-44AF-861F-69CE0E9C814B} = {C9C2D283-3E20-46F3-82F0-3C18CD52AD78}
		{EA5CE7C6-A8E2-43FB-BDF7-E9A27E8B4A86} = {DCE61A48-96A7-4684-9F77-A3823EF51F35}
		{3FA20DAB-9096-4269-B7B2-81FCD2563B89} = {DCE61A48-96A7-4684-9F77-A3823EF51F35}
		{A2F5D614-5781-4C1E-968E-3C9392E442AC} = {DCE61A48-96A7-4684-9F77-A3823EF51F35}
		{88F86D91-035D-4EEE-8DD7-87D65104F89D} = {DCE61A48-96A7-4684-9F77-A3823EF51F35}
		{0EF3C1E5-541F-449B-9A45-935305BDC882} = {5E1DC247-BE56-4110-8E6F-92A418EE5118}
		{A9A4AD4A-0BB9-4EB4-A0A1-3446297D8D33} = {5E1DC247-BE56-4110-8E6F-92A418EE5118}
		{58A13E12-E994-4AB4-9F20-79FC36387E38} = {5E1DC247-BE56-4110-8E6F-92A418EE5118}
		{989C4B45-EF3E-4A1A-8C98-87B3D46C55E4} = {760719F9-A276-4018-B186-D6467067B6F1}
		{A41415C6-3435-4C22-A4C7-24BE2C9A3ABE} = {760719F9-A276-4018-B186-D6467067B6F1}
		{5EA47CF3-E0B9-4954-A4DA-8B9FB6CEC462} = {760719F9-A276-4018-B186-D6467067B6F1}
	EndGlobalSection
	GlobalSection(ExtensibilityGlobals) = postSolution
		SolutionGuid = {B775FB0B-BF25-4444-A0BC-03E4EA5CB70C}
	EndGlobalSection
EndGlobal
