
Microsoft Visual Studio Solution File, Format Version 12.00
# Visual Studio Version 17
VisualStudioVersion = 17.4.33213.308
MinimumVisualStudioVersion = 10.0.40219.1
Project("{FAE04EC0-301F-11D3-BF4B-00C04F79EFBC}") = "IIS_Scanner", "IIS_Scanner\IIS_Scanner.csproj", "{8540B8C4-E8DC-41D1-929E-435B0904F5D9}"
EndProject
Global
	GlobalSection(SolutionConfigurationPlatforms) = preSolution
		Debug|Any CPU = Debug|Any CPU
		Release|Any CPU = Release|Any CPU
	EndGlobalSection
	GlobalSection(ProjectConfigurationPlatforms) = postSolution
		{8540B8C4-E8DC-41D1-929E-435B0904F5D9}.Debug|Any CPU.ActiveCfg = Debug|Any CPU
		{8540B8C4-E8DC-41D1-929E-435B0904F5D9}.Debug|Any CPU.Build.0 = Debug|Any CPU
		{8540B8C4-E8DC-41D1-929E-435B0904F5D9}.Release|Any CPU.ActiveCfg = Release|Any CPU
		{8540B8C4-E8DC-41D1-929E-435B0904F5D9}.Release|Any CPU.Build.0 = Release|Any CPU
	EndGlobalSection
	GlobalSection(SolutionProperties) = preSolution
		HideSolutionNode = FALSE
	EndGlobalSection
	GlobalSection(ExtensibilityGlobals) = postSolution
		SolutionGuid = {4D4133F5-2B61-4BDE-8551-4180C37998F9}
	EndGlobalSection
EndGlobal
