
Microsoft Visual Studio Solution File, Format Version 12.00
# Visual Studio Version 17
VisualStudioVersion = 17.5.002.0
MinimumVisualStudioVersion = 10.0.40219.1
Project("{9A19103F-16F7-4668-BE54-9A1E7A4F7556}") = "UserActor", "UserActor.csproj", "{7003CAC6-B4DE-4DE1-B73B-E28EC517AF6F}"
EndProject
Global
	GlobalSection(SolutionConfigurationPlatforms) = preSolution
		Debug|Any CPU = Debug|Any CPU
		Release|Any CPU = Release|Any CPU
	EndGlobalSection
	GlobalSection(ProjectConfigurationPlatforms) = postSolution
		{7003CAC6-B4DE-4DE1-B73B-E28EC517AF6F}.Debug|Any CPU.ActiveCfg = Debug|Any CPU
		{7003CAC6-B4DE-4DE1-B73B-E28EC517AF6F}.Debug|Any CPU.Build.0 = Debug|Any CPU
		{7003CAC6-B4DE-4DE1-B73B-E28EC517AF6F}.Release|Any CPU.ActiveCfg = Release|Any CPU
		{7003CAC6-B4DE-4DE1-B73B-E28EC517AF6F}.Release|Any CPU.Build.0 = Release|Any CPU
	EndGlobalSection
	GlobalSection(SolutionProperties) = preSolution
		HideSolutionNode = FALSE
	EndGlobalSection
	GlobalSection(ExtensibilityGlobals) = postSolution
		SolutionGuid = {D2C6347F-DE95-4186-80B1-EEAD675A565F}
	EndGlobalSection
EndGlobal
